PODS:
  - Capacitor (7.5.0):
    - CapacitorCordova
  - CapacitorApp (7.1.2):
    - Capacitor
  - CapacitorBrowser (7.0.4):
    - Capacitor
  - CapacitorCommunityMedia (8.0.1):
    - Capacitor
    - SDWebImage
  - CapacitorCordova (7.5.0)
  - CapacitorFilesystem (7.1.8):
    - Capacitor
    - IONFilesystemLib (~> 1.1.1)
  - CapacitorHaptics (7.0.3):
    - Capacitor
  - CapacitorInappbrowser (2.1.0):
    - Capacitor
    - OSInAppBrowserLib (~> 2.0)
  - CapacitorKeyboard (7.0.4):
    - Capacitor
  - CapacitorPluginSafeArea (4.0.3):
    - Capacitor
  - CapacitorShare (7.0.4):
    - Capacitor
  - CapacitorStatusBar (7.0.5):
    - Capacitor
  - CapacitorTextZoom (7.0.4):
    - Capacitor
  - IONFilesystemLib (1.1.1)
  - OSInAppBrowserLib (2.0.0)
  - SDWebImage (5.21.0):
    - SDWebImage/Core (= 5.21.0)
  - SDWebImage/Core (5.21.0)

DEPENDENCIES:
  - "Capacitor (from `../../node_modules/.pnpm/@capacitor+ios@7.5.0_@capacitor+core@7.5.0/node_modules/@capacitor/ios`)"
  - "CapacitorApp (from `../../node_modules/.pnpm/@capacitor+app@7.1.2_@capacitor+core@7.5.0/node_modules/@capacitor/app`)"
  - "CapacitorBrowser (from `../../node_modules/.pnpm/@capacitor+browser@7.0.4_@capacitor+core@7.5.0/node_modules/@capacitor/browser`)"
  - "CapacitorCommunityMedia (from `../../node_modules/.pnpm/@capacitor-community+media@8.0.1_@capacitor+core@7.5.0/node_modules/@capacitor-community/media`)"
  - "CapacitorCordova (from `../../node_modules/.pnpm/@capacitor+ios@7.5.0_@capacitor+core@7.5.0/node_modules/@capacitor/ios`)"
  - "CapacitorFilesystem (from `../../node_modules/.pnpm/@capacitor+filesystem@7.1.8_@capacitor+core@7.5.0/node_modules/@capacitor/filesystem`)"
  - "CapacitorHaptics (from `../../node_modules/.pnpm/@capacitor+haptics@7.0.3_@capacitor+core@7.5.0/node_modules/@capacitor/haptics`)"
  - "CapacitorInappbrowser (from `../../node_modules/.pnpm/@capacitor+inappbrowser@2.1.0_@capacitor+core@7.5.0/node_modules/@capacitor/inappbrowser`)"
  - "CapacitorKeyboard (from `../../node_modules/.pnpm/@capacitor+keyboard@7.0.4_@capacitor+core@7.5.0/node_modules/@capacitor/keyboard`)"
  - "CapacitorPluginSafeArea (from `../../node_modules/.pnpm/capacitor-plugin-safe-area@4.0.3_@capacitor+core@7.5.0/node_modules/capacitor-plugin-safe-area`)"
  - "CapacitorShare (from `../../node_modules/.pnpm/@capacitor+share@7.0.4_@capacitor+core@7.5.0/node_modules/@capacitor/share`)"
  - "CapacitorStatusBar (from `../../node_modules/.pnpm/@capacitor+status-bar@7.0.5_@capacitor+core@7.5.0/node_modules/@capacitor/status-bar`)"
  - "CapacitorTextZoom (from `../../node_modules/.pnpm/@capacitor+text-zoom@7.0.4_@capacitor+core@7.5.0/node_modules/@capacitor/text-zoom`)"

SPEC REPOS:
  trunk:
    - IONFilesystemLib
    - OSInAppBrowserLib
    - SDWebImage

EXTERNAL SOURCES:
  Capacitor:
    :path: "../../node_modules/.pnpm/@capacitor+ios@7.5.0_@capacitor+core@7.5.0/node_modules/@capacitor/ios"
  CapacitorApp:
    :path: "../../node_modules/.pnpm/@capacitor+app@7.1.2_@capacitor+core@7.5.0/node_modules/@capacitor/app"
  CapacitorBrowser:
    :path: "../../node_modules/.pnpm/@capacitor+browser@7.0.4_@capacitor+core@7.5.0/node_modules/@capacitor/browser"
  CapacitorCommunityMedia:
    :path: "../../node_modules/.pnpm/@capacitor-community+media@8.0.1_@capacitor+core@7.5.0/node_modules/@capacitor-community/media"
  CapacitorCordova:
    :path: "../../node_modules/.pnpm/@capacitor+ios@7.5.0_@capacitor+core@7.5.0/node_modules/@capacitor/ios"
  CapacitorFilesystem:
    :path: "../../node_modules/.pnpm/@capacitor+filesystem@7.1.8_@capacitor+core@7.5.0/node_modules/@capacitor/filesystem"
  CapacitorHaptics:
    :path: "../../node_modules/.pnpm/@capacitor+haptics@7.0.3_@capacitor+core@7.5.0/node_modules/@capacitor/haptics"
  CapacitorInappbrowser:
    :path: "../../node_modules/.pnpm/@capacitor+inappbrowser@2.1.0_@capacitor+core@7.5.0/node_modules/@capacitor/inappbrowser"
  CapacitorKeyboard:
    :path: "../../node_modules/.pnpm/@capacitor+keyboard@7.0.4_@capacitor+core@7.5.0/node_modules/@capacitor/keyboard"
  CapacitorPluginSafeArea:
    :path: "../../node_modules/.pnpm/capacitor-plugin-safe-area@4.0.3_@capacitor+core@7.5.0/node_modules/capacitor-plugin-safe-area"
  CapacitorShare:
    :path: "../../node_modules/.pnpm/@capacitor+share@7.0.4_@capacitor+core@7.5.0/node_modules/@capacitor/share"
  CapacitorStatusBar:
    :path: "../../node_modules/.pnpm/@capacitor+status-bar@7.0.5_@capacitor+core@7.5.0/node_modules/@capacitor/status-bar"
  CapacitorTextZoom:
    :path: "../../node_modules/.pnpm/@capacitor+text-zoom@7.0.4_@capacitor+core@7.5.0/node_modules/@capacitor/text-zoom"

SPEC CHECKSUMS:
  Capacitor: 0a78ec6b54580fa055c11744a4e83cd7942d98ca
  CapacitorApp: f01a913211780e0718dae9750442c3e23f96e106
  CapacitorBrowser: affdd32ab6a1822942eb55095b3c5ecf3f656a9d
  CapacitorCommunityMedia: d1538b56a3303298e7cf45a18b11e624fbcbdc8e
  CapacitorCordova: ae35646a9b46cfd00d637f195509c86594026aad
  CapacitorFilesystem: c63fc54df41e5a6761785a7f3c49dc696c22e296
  CapacitorHaptics: ce15be8f287fa2c61c7d2d9e958885b90cf0bebc
  CapacitorInappbrowser: b9b366f37561bf92da226df6353631ac01cc5b92
  CapacitorKeyboard: 5660c760113bfa48962817a785879373cf5339c3
  CapacitorPluginSafeArea: 1abd81c6facac9eae0c6ae3cb0b3b53ccc135522
  CapacitorShare: 25f7fc5dd0e4edbde5d6801c6de5d14a8b450a41
  CapacitorStatusBar: 6de542f202c0dd3f9d0a73b240d4c9d3dddc49b4
  CapacitorTextZoom: 9f874e3ab5f36ec108a3f80345bac12f143100ed
  IONFilesystemLib: dfa8706539ac9ab77ccfd6e5b3830ce9b5e57f6c
  OSInAppBrowserLib: 232c74691cffb9959aa07b1d5ff57d96fca2af7f
  SDWebImage: f84b0feeb08d2d11e6a9b843cb06d75ebf5b8868

PODFILE CHECKSUM: 81130343edd19ef9b8d1823d878d84acbdbf3ca0

COCOAPODS: 1.16.2
